
Microsoft Visual Studio Solution File, Format Version 12.00
# Visual Studio Version 17
VisualStudioVersion = 17.6.33815.320
MinimumVisualStudioVersion = 10.0.40219.1
Project("{FAE04EC0-301F-11D3-BF4B-00C04F79EFBC}") = "ImageProcessor", "ImageProcessor\ImageProcessor.csproj", "{2A80C6D8-B2D1-426B-9BE8-29D52306219C}"
EndProject
Global
	GlobalSection(SolutionConfigurationPlatforms) = preSolution
		Debug|Any CPU = Debug|Any CPU
		Release|Any CPU = Release|Any CPU
	EndGlobalSection
	GlobalSection(ProjectConfigurationPlatforms) = postSolution
		{2A80C6D8-B2D1-426B-9BE8-29D52306219C}.Debug|Any CPU.ActiveCfg = Debug|Any CPU
		{2A80C6D8-B2D1-426B-9BE8-29D52306219C}.Debug|Any CPU.Build.0 = Debug|Any CPU
		{2A80C6D8-B2D1-426B-9BE8-29D52306219C}.Release|Any CPU.ActiveCfg = Release|Any CPU
		{2A80C6D8-B2D1-426B-9BE8-29D52306219C}.Release|Any CPU.Build.0 = Release|Any CPU
	EndGlobalSection
	GlobalSection(SolutionProperties) = preSolution
		HideSolutionNode = FALSE
	EndGlobalSection
	GlobalSection(ExtensibilityGlobals) = postSolution
		SolutionGuid = {5A7FD9BB-77F0-4B1A-8BC8-6A757566BDFE}
	EndGlobalSection
EndGlobal
